
Microsoft Visual Studio Solution File, Format Version 12.00
# Visual Studio 2013
VisualStudioVersion = 12.0.31101.0
MinimumVisualStudioVersion = 10.0.40219.1
Project("{8BC9CEB8-8B4A-11D0-8D11-00A0C91BC942}") = "Engine", "Engine\Engine.vcxproj", "{5638C291-0B9A-4611-8FFB-7475C4C6401E}"
EndProject
Project("{8BC9CEB8-8B4A-11D0-8D11-00A0C91BC942}") = "Game", "Game\Game.vcxproj", "{417FAE0F-B9BF-41DB-8549-75DB17B68E32}"
EndProject
Global
	GlobalSection(SolutionConfigurationPlatforms) = preSolution
		Debug|Win32 = Debug|Win32
		Release|Win32 = Release|Win32
	EndGlobalSection
	GlobalSection(ProjectConfigurationPlatforms) = postSolution
		{5638C291-0B9A-4611-8FFB-7475C4C6401E}.Debug|Win32.ActiveCfg = Debug|Win32
		{5638C291-0B9A-4611-8FFB-7475C4C6401E}.Debug|Win32.Build.0 = Debug|Win32
		{5638C291-0B9A-4611-8FFB-7475C4C6401E}.Release|Win32.ActiveCfg = Release|Win32
		{5638C291-0B9A-4611-8FFB-7475C4C6401E}.Release|Win32.Build.0 = Release|Win32
		{417FAE0F-B9BF-41DB-8549-75DB17B68E32}.Debug|Win32.ActiveCfg = Debug|Win32
		{417FAE0F-B9BF-41DB-8549-75DB17B68E32}.Debug|Win32.Build.0 = Debug|Win32
		{417FAE0F-B9BF-41DB-8549-75DB17B68E32}.Release|Win32.ActiveCfg = Release|Win32
		{417FAE0F-B9BF-41DB-8549-75DB17B68E32}.Release|Win32.Build.0 = Release|Win32
	EndGlobalSection
	GlobalSection(SolutionProperties) = preSolution
		HideSolutionNode = FALSE
	EndGlobalSection
EndGlobal
